
Microsoft Visual Studio Solution File, Format Version 12.00
# Visual Studio 2013
VisualStudioVersion = 12.0.31101.0
MinimumVisualStudioVersion = 10.0.40219.1
Project("{2150E333-8FDC-42A3-9474-1A3956D46DE8}") = ".nuget", ".nuget", "{F1F77772-2B6E-4BB4-8E03-B5E60E1D57E9}"
	ProjectSection(SolutionItems) = preProject
		.nuget\NuGet.Config = .nuget\NuGet.Config
		.nuget\NuGet.exe = .nuget\NuGet.exe
		.nuget\NuGet.targets = .nuget\NuGet.targets
	EndProjectSection
EndProject
Project("{F2A71F9B-5D33-465A-A702-920D77279786}") = "ScalaCheckBookExamplesInFsCheckInFs", "ScalaCheckBookExamplesInFsCheckInFs\ScalaCheckBookExamplesInFsCheckInFs.fsproj", "{B36FAD81-0CA9-44ED-883D-9B8FE6A297F3}"
EndProject
Global
	GlobalSection(SolutionConfigurationPlatforms) = preSolution
		Debug|Any CPU = Debug|Any CPU
		Release|Any CPU = Release|Any CPU
	EndGlobalSection
	GlobalSection(ProjectConfigurationPlatforms) = postSolution
		{B36FAD81-0CA9-44ED-883D-9B8FE6A297F3}.Debug|Any CPU.ActiveCfg = Debug|Any CPU
		{B36FAD81-0CA9-44ED-883D-9B8FE6A297F3}.Debug|Any CPU.Build.0 = Debug|Any CPU
		{B36FAD81-0CA9-44ED-883D-9B8FE6A297F3}.Release|Any CPU.ActiveCfg = Release|Any CPU
		{B36FAD81-0CA9-44ED-883D-9B8FE6A297F3}.Release|Any CPU.Build.0 = Release|Any CPU
	EndGlobalSection
	GlobalSection(SolutionProperties) = preSolution
		HideSolutionNode = FALSE
	EndGlobalSection
EndGlobal
